
Microsoft Visual Studio Solution File, Format Version 12.00
Project("{FAE04EC0-301F-11D3-BF4B-00C04F79EFBC}") = "Ticketautomat", "Ticketautomat\Ticketautomat.csproj", "{4091B9CE-A7B7-4E02-B38E-2900E2E28FD2}"
EndProject
Project("{FAE04EC0-301F-11D3-BF4B-00C04F79EFBC}") = "Test", "Test\Test.csproj", "{7C8C55EE-967B-4B71-8AF4-CB9E87ECD231}"
EndProject
Global
	GlobalSection(SolutionConfigurationPlatforms) = preSolution
		Debug|Any CPU = Debug|Any CPU
		Release|Any CPU = Release|Any CPU
	EndGlobalSection
	GlobalSection(ProjectConfigurationPlatforms) = postSolution
		{4091B9CE-A7B7-4E02-B38E-2900E2E28FD2}.Debug|Any CPU.ActiveCfg = Debug|Any CPU
		{4091B9CE-A7B7-4E02-B38E-2900E2E28FD2}.Debug|Any CPU.Build.0 = Debug|Any CPU
		{4091B9CE-A7B7-4E02-B38E-2900E2E28FD2}.Release|Any CPU.ActiveCfg = Release|Any CPU
		{4091B9CE-A7B7-4E02-B38E-2900E2E28FD2}.Release|Any CPU.Build.0 = Release|Any CPU
		{7C8C55EE-967B-4B71-8AF4-CB9E87ECD231}.Debug|Any CPU.ActiveCfg = Debug|Any CPU
		{7C8C55EE-967B-4B71-8AF4-CB9E87ECD231}.Debug|Any CPU.Build.0 = Debug|Any CPU
		{7C8C55EE-967B-4B71-8AF4-CB9E87ECD231}.Release|Any CPU.ActiveCfg = Release|Any CPU
		{7C8C55EE-967B-4B71-8AF4-CB9E87ECD231}.Release|Any CPU.Build.0 = Release|Any CPU
	EndGlobalSection
EndGlobal
