
Microsoft Visual Studio Solution File, Format Version 12.00
Project("{FAE04EC0-301F-11D3-BF4B-00C04F79EFBC}") = "WebApp", "WebApp\WebApp.csproj", "{32E51D81-61B6-4110-9208-000FEBC6EE17}"
EndProject
Project("{FAE04EC0-301F-11D3-BF4B-00C04F79EFBC}") = "EntityFramework", "EntityFramework\EntityFramework.csproj", "{F4FCFAEF-A60F-4313-B297-D9AD27E70AB5}"
EndProject
Global
	GlobalSection(SolutionConfigurationPlatforms) = preSolution
		Debug|Any CPU = Debug|Any CPU
		Release|Any CPU = Release|Any CPU
	EndGlobalSection
	GlobalSection(ProjectConfigurationPlatforms) = postSolution
		{32E51D81-61B6-4110-9208-000FEBC6EE17}.Debug|Any CPU.ActiveCfg = Debug|Any CPU
		{32E51D81-61B6-4110-9208-000FEBC6EE17}.Debug|Any CPU.Build.0 = Debug|Any CPU
		{32E51D81-61B6-4110-9208-000FEBC6EE17}.Release|Any CPU.ActiveCfg = Release|Any CPU
		{32E51D81-61B6-4110-9208-000FEBC6EE17}.Release|Any CPU.Build.0 = Release|Any CPU
		{F4FCFAEF-A60F-4313-B297-D9AD27E70AB5}.Debug|Any CPU.ActiveCfg = Debug|Any CPU
		{F4FCFAEF-A60F-4313-B297-D9AD27E70AB5}.Debug|Any CPU.Build.0 = Debug|Any CPU
		{F4FCFAEF-A60F-4313-B297-D9AD27E70AB5}.Release|Any CPU.ActiveCfg = Release|Any CPU
		{F4FCFAEF-A60F-4313-B297-D9AD27E70AB5}.Release|Any CPU.Build.0 = Release|Any CPU
	EndGlobalSection
EndGlobal
